
Microsoft Visual Studio Solution File, Format Version 12.00
# Visual Studio Version 17
VisualStudioVersion = 17.5.002.0
MinimumVisualStudioVersion = 10.0.40219.1
Project("{2150E333-8FDC-42A3-9474-1A3956D46DE8}") = "back", "back", "{6CBA4811-8C0C-43E0-9095-EEBB4B2B1102}"
EndProject
Project("{2150E333-8FDC-42A3-9474-1A3956D46DE8}") = "src", "src", "{519D9677-B2C5-44DF-804F-A974215327BB}"
EndProject
Project("{9A19103F-16F7-4668-BE54-9A1E7A4F7556}") = "Atividade.API", "back\src\Atividade.API\Atividade.API.csproj", "{924C7027-21B3-4E9F-B8D4-5FE4172173AF}"
EndProject
Global
	GlobalSection(SolutionConfigurationPlatforms) = preSolution
		Debug|Any CPU = Debug|Any CPU
		Release|Any CPU = Release|Any CPU
	EndGlobalSection
	GlobalSection(ProjectConfigurationPlatforms) = postSolution
		{924C7027-21B3-4E9F-B8D4-5FE4172173AF}.Debug|Any CPU.ActiveCfg = Debug|Any CPU
		{924C7027-21B3-4E9F-B8D4-5FE4172173AF}.Debug|Any CPU.Build.0 = Debug|Any CPU
		{924C7027-21B3-4E9F-B8D4-5FE4172173AF}.Release|Any CPU.ActiveCfg = Release|Any CPU
		{924C7027-21B3-4E9F-B8D4-5FE4172173AF}.Release|Any CPU.Build.0 = Release|Any CPU
	EndGlobalSection
	GlobalSection(SolutionProperties) = preSolution
		HideSolutionNode = FALSE
	EndGlobalSection
	GlobalSection(NestedProjects) = preSolution
		{519D9677-B2C5-44DF-804F-A974215327BB} = {6CBA4811-8C0C-43E0-9095-EEBB4B2B1102}
		{924C7027-21B3-4E9F-B8D4-5FE4172173AF} = {519D9677-B2C5-44DF-804F-A974215327BB}
	EndGlobalSection
	GlobalSection(ExtensibilityGlobals) = postSolution
		SolutionGuid = {74D87837-3132-414A-9207-00411854CCD3}
	EndGlobalSection
EndGlobal
